{
  "name": "fftjs-supplements",
  "version": "1.1.2",
  "lockfileVersion": 1,
  "requires": true,
  "dependencies": {
    "fft.js": {
      "version": "4.0.3",
      "resolved": "https://registry.npmjs.org/fft.js/-/fft.js-4.0.3.tgz",
      "integrity": "sha1-sAhO+pQYj+vdHP/mhpH0yFoPuMs="
    },
    "oscillator-samples": {
      "version": "0.1.0",
      "resolved": "https://registry.npmjs.org/oscillator-samples/-/oscillator-samples-0.1.0.tgz",
      "integrity": "sha512-yqgbcn/cRhgtj3Dm9EdJuYddF0DyOmbfaPfrfFoOSuz2RdmPVMx6sVCzQQF5n5rI+tqOVJqbjYUQfvPpUXK5zQ=="
    },
    "ramda": {
      "version": "0.27.1",
      "resolved": "https://registry.npmjs.org/ramda/-/ramda-0.27.1.tgz",
      "integrity": "sha512-PgIdVpn5y5Yns8vqb8FzBUEYn98V3xcPgawAkkgj0YJ0qDsnHCiNmZYfOGMgOvoB0eWFLpYbhxUR3mxfDIMvpw=="
    }
  }
}
